
Microsoft Visual Studio Solution File, Format Version 12.00
# Visual Studio Version 17
VisualStudioVersion = 17.9.34616.47
MinimumVisualStudioVersion = 10.0.40219.1
Project("{FAE04EC0-301F-11D3-BF4B-00C04F79EFBC}") = "KalkulatorSederhana", "KalkulatorSederhana\KalkulatorSederhana.csproj", "{1E9AC057-AEC3-49A1-BF89-7965D1D1EF85}"
EndProject
Global
	GlobalSection(SolutionConfigurationPlatforms) = preSolution
		Debug|Any CPU = Debug|Any CPU
		Release|Any CPU = Release|Any CPU
	EndGlobalSection
	GlobalSection(ProjectConfigurationPlatforms) = postSolution
		{1E9AC057-AEC3-49A1-BF89-7965D1D1EF85}.Debug|Any CPU.ActiveCfg = Debug|Any CPU
		{1E9AC057-AEC3-49A1-BF89-7965D1D1EF85}.Debug|Any CPU.Build.0 = Debug|Any CPU
		{1E9AC057-AEC3-49A1-BF89-7965D1D1EF85}.Release|Any CPU.ActiveCfg = Release|Any CPU
		{1E9AC057-AEC3-49A1-BF89-7965D1D1EF85}.Release|Any CPU.Build.0 = Release|Any CPU
	EndGlobalSection
	GlobalSection(SolutionProperties) = preSolution
		HideSolutionNode = FALSE
	EndGlobalSection
	GlobalSection(ExtensibilityGlobals) = postSolution
		SolutionGuid = {EBF71E9B-93F5-4C25-A32F-4240157D1E0E}
	EndGlobalSection
EndGlobal
